
Microsoft Visual Studio Solution File, Format Version 12.00
# Visual Studio Version 16
VisualStudioVersion = 16.0.29613.14
MinimumVisualStudioVersion = 10.0.40219.1
Project("{FAE04EC0-301F-11D3-BF4B-00C04F79EFBC}") = "TrustonLtd", "TrustonLtd\TrustonLtd.csproj", "{307BA13A-486C-4C03-9EA0-38D2D0515F3C}"
EndProject
Project("{2150E333-8FDC-42A3-9474-1A3956D46DE8}") = "Solution Items", "Solution Items", "{1FBB77B0-78EB-4013-BEB1-1E029F7F7C52}"
	ProjectSection(SolutionItems) = preProject
		.editorconfig = .editorconfig
	EndProjectSection
EndProject
Project("{54435603-DBB4-11D2-8724-00A0C9A8B90C}") = "Truston", "Truston\Truston.vdproj", "{337E71F2-4A44-425B-B7B0-22C0CB2B62FF}"
EndProject
Global
	GlobalSection(SolutionConfigurationPlatforms) = preSolution
		Debug|Any CPU = Debug|Any CPU
		Release|Any CPU = Release|Any CPU
	EndGlobalSection
	GlobalSection(ProjectConfigurationPlatforms) = postSolution
		{307BA13A-486C-4C03-9EA0-38D2D0515F3C}.Debug|Any CPU.ActiveCfg = Debug|Any CPU
		{307BA13A-486C-4C03-9EA0-38D2D0515F3C}.Debug|Any CPU.Build.0 = Debug|Any CPU
		{307BA13A-486C-4C03-9EA0-38D2D0515F3C}.Release|Any CPU.ActiveCfg = Release|Any CPU
		{307BA13A-486C-4C03-9EA0-38D2D0515F3C}.Release|Any CPU.Build.0 = Release|Any CPU
		{337E71F2-4A44-425B-B7B0-22C0CB2B62FF}.Debug|Any CPU.ActiveCfg = Debug
		{337E71F2-4A44-425B-B7B0-22C0CB2B62FF}.Release|Any CPU.ActiveCfg = Release
	EndGlobalSection
	GlobalSection(SolutionProperties) = preSolution
		HideSolutionNode = FALSE
	EndGlobalSection
	GlobalSection(ExtensibilityGlobals) = postSolution
		SolutionGuid = {EFC91218-70B7-463A-BED0-DFE7C63CEF3C}
	EndGlobalSection
EndGlobal
